// !$*UTF8*$!
{
	archiveVersion = 1;
	classes = {
	};
	objectVersion = 46;
	objects = {

/* Begin PBXBuildFile section */
		C15AF2BD17E7DB1D009DCC3F /* Foundation.framework in Frameworks */ = {isa = PBXBuildFile; fileRef = C15AF2BC17E7DB1D009DCC3F /* Foundation.framework */; };
		C15AF2BF17E7DB1D009DCC3F /* CoreGraphics.framework in Frameworks */ = {isa = PBXBuildFile; fileRef = C15AF2BE17E7DB1D009DCC3F /* CoreGraphics.framework */; };
		C15AF2C117E7DB1D009DCC3F /* UIKit.framework in Frameworks */ = {isa = PBXBuildFile; fileRef = C15AF2C017E7DB1D009DCC3F /* UIKit.framework */; };
		C15AF2C717E7DB1D009DCC3F /* InfoPlist.strings in Resources */ = {isa = PBXBuildFile; fileRef = C15AF2C517E7DB1D009DCC3F /* InfoPlist.strings */; };
		C15AF2C917E7DB1D009DCC3F /* main.m in Sources */ = {isa = PBXBuildFile; fileRef = C15AF2C817E7DB1D009DCC3F /* main.m */; };
		C15AF2CD17E7DB1D009DCC3F /* ZeegaAppDelegate.m in Sources */ = {isa = PBXBuildFile; fileRef = C15AF2CC17E7DB1D009DCC3F /* ZeegaAppDelegate.m */; };
		C15AF2D017E7DB1D009DCC3F /* Main.storyboard in Resources */ = {isa = PBXBuildFile; fileRef = C15AF2CE17E7DB1D009DCC3F /* Main.storyboard */; };
		C15AF2D317E7DB1D009DCC3F /* ZeegaViewController.m in Sources */ = {isa = PBXBuildFile; fileRef = C15AF2D217E7DB1D009DCC3F /* ZeegaViewController.m */; };
		C15AF2D517E7DB1D009DCC3F /* Images.xcassets in Resources */ = {isa = PBXBuildFile; fileRef = C15AF2D417E7DB1D009DCC3F /* Images.xcassets */; };
		C15AF2DC17E7DB1E009DCC3F /* XCTest.framework in Frameworks */ = {isa = PBXBuildFile; fileRef = C15AF2DB17E7DB1E009DCC3F /* XCTest.framework */; };
		C15AF2DD17E7DB1E009DCC3F /* Foundation.framework in Frameworks */ = {isa = PBXBuildFile; fileRef = C15AF2BC17E7DB1D009DCC3F /* Foundation.framework */; };
		C15AF2DE17E7DB1E009DCC3F /* UIKit.framework in Frameworks */ = {isa = PBXBuildFile; fileRef = C15AF2C017E7DB1D009DCC3F /* UIKit.framework */; };
		C15AF2E617E7DB1E009DCC3F /* InfoPlist.strings in Resources */ = {isa = PBXBuildFile; fileRef = C15AF2E417E7DB1E009DCC3F /* InfoPlist.strings */; };
		C15AF2E817E7DB1E009DCC3F /* Getting_startedTests.m in Sources */ = {isa = PBXBuildFile; fileRef = C15AF2E717E7DB1E009DCC3F /* Getting_startedTests.m */; };
/* End PBXBuildFile section */

/* Begin PBXContainerItemProxy section */
		C15AF2DF17E7DB1E009DCC3F /* PBXContainerItemProxy */ = {
			isa = PBXContainerItemProxy;
			containerPortal = C15AF2B117E7DB1D009DCC3F /* Project object */;
			proxyType = 1;
			remoteGlobalIDString = C15AF2B817E7DB1D009DCC3F;
			remoteInfo = "Getting-started";
		};
/* End PBXContainerItemProxy section */

/* Begin PBXFileReference section */
		C15AF2B917E7DB1D009DCC3F /* Getting-started.app */ = {isa = PBXFileReference; explicitFileType = wrapper.application; includeInIndex = 0; path = "Getting-started.app"; sourceTree = BUILT_PRODUCTS_DIR; };
		C15AF2BC17E7DB1D009DCC3F /* Foundation.framework */ = {isa = PBXFileReference; lastKnownFileType = wrapper.framework; name = Foundation.framework; path = System/Library/Frameworks/Foundation.framework; sourceTree = SDKROOT; };
		C15AF2BE17E7DB1D009DCC3F /* CoreGraphics.framework */ = {isa = PBXFileReference; lastKnownFileType = wrapper.framework; name = CoreGraphics.framework; path = System/Library/Frameworks/CoreGraphics.framework; sourceTree = SDKROOT; };
		C15AF2C017E7DB1D009DCC3F /* UIKit.framework */ = {isa = PBXFileReference; lastKnownFileType = wrapper.framework; name = UIKit.framework; path = System/Library/Frameworks/UIKit.framework; sourceTree = SDKROOT; };
		C15AF2C417E7DB1D009DCC3F /* Getting-started-Info.plist */ = {isa = PBXFileReference; lastKnownFileType = text.plist.xml; path = "Getting-started-Info.plist"; sourceTree = "<group>"; };
		C15AF2C617E7DB1D009DCC3F /* en */ = {isa = PBXFileReference; lastKnownFileType = text.plist.strings; name = en; path = en.lproj/InfoPlist.strings; sourceTree = "<group>"; };
		C15AF2C817E7DB1D009DCC3F /* main.m */ = {isa = PBXFileReference; lastKnownFileType = sourcecode.c.objc; path = main.m; sourceTree = "<group>"; };
		C15AF2CA17E7DB1D009DCC3F /* Getting-started-Prefix.pch */ = {isa = PBXFileReference; lastKnownFileType = sourcecode.c.h; path = "Getting-started-Prefix.pch"; sourceTree = "<group>"; };
		C15AF2CB17E7DB1D009DCC3F /* ZeegaAppDelegate.h */ = {isa = PBXFileReference; lastKnownFileType = sourcecode.c.h; path = ZeegaAppDelegate.h; sourceTree = "<group>"; };
		C15AF2CC17E7DB1D009DCC3F /* ZeegaAppDelegate.m */ = {isa = PBXFileReference; lastKnownFileType = sourcecode.c.objc; path = ZeegaAppDelegate.m; sourceTree = "<group>"; };
		C15AF2CF17E7DB1D009DCC3F /* Base */ = {isa = PBXFileReference; lastKnownFileType = file.storyboard; name = Base; path = Base.lproj/Main.storyboard; sourceTree = "<group>"; };
		C15AF2D117E7DB1D009DCC3F /* ZeegaViewController.h */ = {isa = PBXFileReference; lastKnownFileType = sourcecode.c.h; path = ZeegaViewController.h; sourceTree = "<group>"; };
		C15AF2D217E7DB1D009DCC3F /* ZeegaViewController.m */ = {isa = PBXFileReference; lastKnownFileType = sourcecode.c.objc; path = ZeegaViewController.m; sourceTree = "<group>"; };
		C15AF2D417E7DB1D009DCC3F /* Images.xcassets */ = {isa = PBXFileReference; lastKnownFileType = folder.assetcatalog; path = Images.xcassets; sourceTree = "<group>"; };
		C15AF2DA17E7DB1E009DCC3F /* Getting-startedTests.xctest */ = {isa = PBXFileReference; explicitFileType = wrapper.cfbundle; includeInIndex = 0; path = "Getting-startedTests.xctest"; sourceTree = BUILT_PRODUCTS_DIR; };
		C15AF2DB17E7DB1E009DCC3F /* XCTest.framework */ = {isa = PBXFileReference; lastKnownFileType = wrapper.framework; name = XCTest.framework; path = Library/Frameworks/XCTest.framework; sourceTree = DEVELOPER_DIR; };
		C15AF2E317E7DB1E009DCC3F /* Getting-startedTests-Info.plist */ = {isa = PBXFileReference; lastKnownFileType = text.plist.xml; path = "Getting-startedTests-Info.plist"; sourceTree = "<group>"; };
		C15AF2E517E7DB1E009DCC3F /* en */ = {isa = PBXFileReference; lastKnownFileType = text.plist.strings; name = en; path = en.lproj/InfoPlist.strings; sourceTree = "<group>"; };
		C15AF2E717E7DB1E009DCC3F /* Getting_startedTests.m */ = {isa = PBXFileReference; lastKnownFileType = sourcecode.c.objc; path = Getting_startedTests.m; sourceTree = "<group>"; };
/* End PBXFileReference section */

/* Begin PBXFrameworksBuildPhase section */
		C15AF2B617E7DB1D009DCC3F /* Frameworks */ = {
			isa = PBXFrameworksBuildPhase;
			buildActionMask = 2147483647;
			files = (
				C15AF2BF17E7DB1D009DCC3F /* CoreGraphics.framework in Frameworks */,
				C15AF2C117E7DB1D009DCC3F /* UIKit.framework in Frameworks */,
				C15AF2BD17E7DB1D009DCC3F /* Foundation.framework in Frameworks */,
			);
			runOnlyForDeploymentPostprocessing = 0;
		};
		C15AF2D717E7DB1E009DCC3F /* Frameworks */ = {
			isa = PBXFrameworksBuildPhase;
			buildActionMask = 2147483647;
			files = (
				C15AF2DC17E7DB1E009DCC3F /* XCTest.framework in Frameworks */,
				C15AF2DE17E7DB1E009DCC3F /* UIKit.framework in Frameworks */,
				C15AF2DD17E7DB1E009DCC3F /* Foundation.framework in Frameworks */,
			);
			runOnlyForDeploymentPostprocessing = 0;
		};
/* End PBXFrameworksBuildPhase section */

/* Begin PBXGroup section */
		C15AF2B017E7DB1D009DCC3F = {
			isa = PBXGroup;
			children = (
				C15AF2C217E7DB1D009DCC3F /* Getting-started */,
				C15AF2E117E7DB1E009DCC3F /* Getting-startedTests */,
				C15AF2BB17E7DB1D009DCC3F /* Frameworks */,
				C15AF2BA17E7DB1D009DCC3F /* Products */,
			);
			sourceTree = "<group>";
		};
		C15AF2BA17E7DB1D009DCC3F /* Products */ = {
			isa = PBXGroup;
			children = (
				C15AF2B917E7DB1D009DCC3F /* Getting-started.app */,
				C15AF2DA17E7DB1E009DCC3F /* Getting-startedTests.xctest */,
			);
			name = Products;
			sourceTree = "<group>";
		};
		C15AF2BB17E7DB1D009DCC3F /* Frameworks */ = {
			isa = PBXGroup;
			children = (
				C15AF2BC17E7DB1D009DCC3F /* Foundation.framework */,
				C15AF2BE17E7DB1D009DCC3F /* CoreGraphics.framework */,
				C15AF2C017E7DB1D009DCC3F /* UIKit.framework */,
				C15AF2DB17E7DB1E009DCC3F /* XCTest.framework */,
			);
			name = Frameworks;
			sourceTree = "<group>";
		};
		C15AF2C217E7DB1D009DCC3F /* Getting-started */ = {
			isa = PBXGroup;
			children = (
				C15AF2CB17E7DB1D009DCC3F /* ZeegaAppDelegate.h */,
				C15AF2CC17E7DB1D009DCC3F /* ZeegaAppDelegate.m */,
				C15AF2CE17E7DB1D009DCC3F /* Main.storyboard */,
				C15AF2D117E7DB1D009DCC3F /* ZeegaViewController.h */,
				C15AF2D217E7DB1D009DCC3F /* ZeegaViewController.m */,
				C15AF2D417E7DB1D009DCC3F /* Images.xcassets */,
				C15AF2C317E7DB1D009DCC3F /* Supporting Files */,
			);
			path = "Getting-started";
			sourceTree = "<group>";
		};
		C15AF2C317E7DB1D009DCC3F /* Supporting Files */ = {
			isa = PBXGroup;
			children = (
				C15AF2C417E7DB1D009DCC3F /* Getting-started-Info.plist */,
				C15AF2C517E7DB1D009DCC3F /* InfoPlist.strings */,
				C15AF2C817E7DB1D009DCC3F /* main.m */,
				C15AF2CA17E7DB1D009DCC3F /* Getting-started-Prefix.pch */,
			);
			name = "Supporting Files";
			sourceTree = "<group>";
		};
		C15AF2E117E7DB1E009DCC3F /* Getting-startedTests */ = {
			isa = PBXGroup;
			children = (
				C15AF2E717E7DB1E009DCC3F /* Getting_startedTests.m */,
				C15AF2E217E7DB1E009DCC3F /* Supporting Files */,
			);
			path = "Getting-startedTests";
			sourceTree = "<group>";
		};
		C15AF2E217E7DB1E009DCC3F /* Supporting Files */ = {
			isa = PBXGroup;
			children = (
				C15AF2E317E7DB1E009DCC3F /* Getting-startedTests-Info.plist */,
				C15AF2E417E7DB1E009DCC3F /* InfoPlist.strings */,
			);
			name = "Supporting Files";
			sourceTree = "<group>";
		};
/* End PBXGroup section */

/* Begin PBXNativeTarget section */
		C15AF2B817E7DB1D009DCC3F /* Getting-started */ = {
			isa = PBXNativeTarget;
			buildConfigurationList = C15AF2EB17E7DB1E009DCC3F /* Build configuration list for PBXNativeTarget "Getting-started" */;
			buildPhases = (
				C15AF2B517E7DB1D009DCC3F /* Sources */,
				C15AF2B617E7DB1D009DCC3F /* Frameworks */,
				C15AF2B717E7DB1D009DCC3F /* Resources */,
			);
			buildRules = (
			);
			dependencies = (
			);
			name = "Getting-started";
			productName = "Getting-started";
			productReference = C15AF2B917E7DB1D009DCC3F /* Getting-started.app */;
			productType = "com.apple.product-type.application";
		};
		C15AF2D917E7DB1E009DCC3F /* Getting-startedTests */ = {
			isa = PBXNativeTarget;
			buildConfigurationList = C15AF2EE17E7DB1E009DCC3F /* Build configuration list for PBXNativeTarget "Getting-startedTests" */;
			buildPhases = (
				C15AF2D617E7DB1E009DCC3F /* Sources */,
				C15AF2D717E7DB1E009DCC3F /* Frameworks */,
				C15AF2D817E7DB1E009DCC3F /* Resources */,
			);
			buildRules = (
			);
			dependencies = (
				C15AF2E017E7DB1E009DCC3F /* PBXTargetDependency */,
			);
			name = "Getting-startedTests";
			productName = "Getting-startedTests";
			productReference = C15AF2DA17E7DB1E009DCC3F /* Getting-startedTests.xctest */;
			productType = "com.apple.product-type.bundle.unit-test";
		};
/* End PBXNativeTarget section */

/* Begin PBXProject section */
		C15AF2B117E7DB1D009DCC3F /* Project object */ = {
			isa = PBXProject;
			attributes = {
				CLASSPREFIX = Zeega;
				LastUpgradeCheck = 0500;
				ORGANIZATIONNAME = "Luís Brandão";
				TargetAttributes = {
					C15AF2D917E7DB1E009DCC3F = {
						TestTargetID = C15AF2B817E7DB1D009DCC3F;
					};
				};
			};
			buildConfigurationList = C15AF2B417E7DB1D009DCC3F /* Build configuration list for PBXProject "Getting-started" */;
			compatibilityVersion = "Xcode 3.2";
			developmentRegion = English;
			hasScannedForEncodings = 0;
			knownRegions = (
				en,
				Base,
			);
			mainGroup = C15AF2B017E7DB1D009DCC3F;
			productRefGroup = C15AF2BA17E7DB1D009DCC3F /* Products */;
			projectDirPath = "";
			projectRoot = "";
			targets = (
				C15AF2B817E7DB1D009DCC3F /* Getting-started */,
				C15AF2D917E7DB1E009DCC3F /* Getting-startedTests */,
			);
		};
/* End PBXProject section */

/* Begin PBXResourcesBuildPhase section */
		C15AF2B717E7DB1D009DCC3F /* Resources */ = {
			isa = PBXResourcesBuildPhase;
			buildActionMask = 2147483647;
			files = (
				C15AF2D517E7DB1D009DCC3F /* Images.xcassets in Resources */,
				C15AF2C717E7DB1D009DCC3F /* InfoPlist.strings in Resources */,
				C15AF2D017E7DB1D009DCC3F /* Main.storyboard in Resources */,
			);
			runOnlyForDeploymentPostprocessing = 0;
		};
		C15AF2D817E7DB1E009DCC3F /* Resources */ = {
			isa = PBXResourcesBuildPhase;
			buildActionMask = 2147483647;
			files = (
				C15AF2E617E7DB1E009DCC3F /* InfoPlist.strings in Resources */,
			);
			runOnlyForDeploymentPostprocessing = 0;
		};
/* End PBXResourcesBuildPhase section */

/* Begin PBXSourcesBuildPhase section */
		C15AF2B517E7DB1D009DCC3F /* Sources */ = {
			isa = PBXSourcesBuildPhase;
			buildActionMask = 2147483647;
			files = (
				C15AF2C917E7DB1D009DCC3F /* main.m in Sources */,
				C15AF2D317E7DB1D009DCC3F /* ZeegaViewController.m in Sources */,
				C15AF2CD17E7DB1D009DCC3F /* ZeegaAppDelegate.m in Sources */,
			);
			runOnlyForDeploymentPostprocessing = 0;
		};
		C15AF2D617E7DB1E009DCC3F /* Sources */ = {
			isa = PBXSourcesBuildPhase;
			buildActionMask = 2147483647;
			files = (
				C15AF2E817E7DB1E009DCC3F /* Getting_startedTests.m in Sources */,
			);
			runOnlyForDeploymentPostprocessing = 0;
		};
/* End PBXSourcesBuildPhase section */

/* Begin PBXTargetDependency section */
		C15AF2E017E7DB1E009DCC3F /* PBXTargetDependency */ = {
			isa = PBXTargetDependency;
			target = C15AF2B817E7DB1D009DCC3F /* Getting-started */;
			targetProxy = C15AF2DF17E7DB1E009DCC3F /* PBXContainerItemProxy */;
		};
/* End PBXTargetDependency section */

/* Begin PBXVariantGroup section */
		C15AF2C517E7DB1D009DCC3F /* InfoPlist.strings */ = {
			isa = PBXVariantGroup;
			children = (
				C15AF2C617E7DB1D009DCC3F /* en */,
			);
			name = InfoPlist.strings;
			sourceTree = "<group>";
		};
		C15AF2CE17E7DB1D009DCC3F /* Main.storyboard */ = {
			isa = PBXVariantGroup;
			children = (
				C15AF2CF17E7DB1D009DCC3F /* Base */,
			);
			name = Main.storyboard;
			sourceTree = "<group>";
		};
		C15AF2E417E7DB1E009DCC3F /* InfoPlist.strings */ = {
			isa = PBXVariantGroup;
			children = (
				C15AF2E517E7DB1E009DCC3F /* en */,
			);
			name = InfoPlist.strings;
			sourceTree = "<group>";
		};
/* End PBXVariantGroup section */

/* Begin XCBuildConfiguration section */
		C15AF2E917E7DB1E009DCC3F /* Debug */ = {
			isa = XCBuildConfiguration;
			buildSettings = {
				ALWAYS_SEARCH_USER_PATHS = NO;
				ARCHS = "$(ARCHS_STANDARD_INCLUDING_64_BIT)";
				CLANG_CXX_LANGUAGE_STANDARD = "gnu++0x";
				CLANG_CXX_LIBRARY = "libc++";
				CLANG_ENABLE_MODULES = YES;
				CLANG_ENABLE_OBJC_ARC = YES;
				CLANG_WARN_BOOL_CONVERSION = YES;
				CLANG_WARN_CONSTANT_CONVERSION = YES;
				CLANG_WARN_DIRECT_OBJC_ISA_USAGE = YES_ERROR;
				CLANG_WARN_EMPTY_BODY = YES;
				CLANG_WARN_ENUM_CONVERSION = YES;
				CLANG_WARN_INT_CONVERSION = YES;
				CLANG_WARN_OBJC_ROOT_CLASS = YES_ERROR;
				CLANG_WARN__DUPLICATE_METHOD_MATCH = YES;
				"CODE_SIGN_IDENTITY[sdk=iphoneos*]" = "iPhone Developer";
				COPY_PHASE_STRIP = NO;
				GCC_C_LANGUAGE_STANDARD = gnu99;
				GCC_DYNAMIC_NO_PIC = NO;
				GCC_OPTIMIZATION_LEVEL = 0;
				GCC_PREPROCESSOR_DEFINITIONS = (
					"DEBUG=1",
					"$(inherited)",
				);
				GCC_SYMBOLS_PRIVATE_EXTERN = NO;
				GCC_WARN_64_TO_32_BIT_CONVERSION = YES;
				GCC_WARN_ABOUT_RETURN_TYPE = YES_ERROR;
				GCC_WARN_UNDECLARED_SELECTOR = YES;
				GCC_WARN_UNINITIALIZED_AUTOS = YES;
				GCC_WARN_UNUSED_FUNCTION = YES;
				GCC_WARN_UNUSED_VARIABLE = YES;
				IPHONEOS_DEPLOYMENT_TARGET = 7.0;
				ONLY_ACTIVE_ARCH = YES;
				SDKROOT = iphoneos;
			};
			name = Debug;
		};
		C15AF2EA17E7DB1E009DCC3F /* Release */ = {
			isa = XCBuildConfiguration;
			buildSettings = {
				ALWAYS_SEARCH_USER_PATHS = NO;
				ARCHS = "$(ARCHS_STANDARD_INCLUDING_64_BIT)";
				CLANG_CXX_LANGUAGE_STANDARD = "gnu++0x";
				CLANG_CXX_LIBRARY = "libc++";
				CLANG_ENABLE_MODULES = YES;
				CLANG_ENABLE_OBJC_ARC = YES;
				CLANG_WARN_BOOL_CONVERSION = YES;
				CLANG_WARN_CONSTANT_CONVERSION = YES;
				CLANG_WARN_DIRECT_OBJC_ISA_USAGE = YES_ERROR;
				CLANG_WARN_EMPTY_BODY = YES;
				CLANG_WARN_ENUM_CONVERSION = YES;
				CLANG_WARN_INT_CONVERSION = YES;
				CLANG_WARN_OBJC_ROOT_CLASS = YES_ERROR;
				CLANG_WARN__DUPLICATE_METHOD_MATCH = YES;
				"CODE_SIGN_IDENTITY[sdk=iphoneos*]" = "iPhone Developer";
				COPY_PHASE_STRIP = YES;
				ENABLE_NS_ASSERTIONS = NO;
				GCC_C_LANGUAGE_STANDARD = gnu99;
				GCC_WARN_64_TO_32_BIT_CONVERSION = YES;
				GCC_WARN_ABOUT_RETURN_TYPE = YES_ERROR;
				GCC_WARN_UNDECLARED_SELECTOR = YES;
				GCC_WARN_UNINITIALIZED_AUTOS = YES;
				GCC_WARN_UNUSED_FUNCTION = YES;
				GCC_WARN_UNUSED_VARIABLE = YES;
				IPHONEOS_DEPLOYMENT_TARGET = 7.0;
				SDKROOT = iphoneos;
				VALIDATE_PRODUCT = YES;
			};
			name = Release;
		};
		C15AF2EC17E7DB1E009DCC3F /* Debug */ = {
			isa = XCBuildConfiguration;
			buildSettings = {
				ASSETCATALOG_COMPILER_APPICON_NAME = AppIcon;
				ASSETCATALOG_COMPILER_LAUNCHIMAGE_NAME = LaunchImage;
				GCC_PRECOMPILE_PREFIX_HEADER = YES;
				GCC_PREFIX_HEADER = "Getting-started/Getting-started-Prefix.pch";
				INFOPLIST_FILE = "Getting-started/Getting-started-Info.plist";
				PRODUCT_NAME = "$(TARGET_NAME)";
				WRAPPER_EXTENSION = app;
			};
			name = Debug;
		};
		C15AF2ED17E7DB1E009DCC3F /* Release */ = {
			isa = XCBuildConfiguration;
			buildSettings = {
				ASSETCATALOG_COMPILER_APPICON_NAME = AppIcon;
				ASSETCATALOG_COMPILER_LAUNCHIMAGE_NAME = LaunchImage;
				GCC_PRECOMPILE_PREFIX_HEADER = YES;
				GCC_PREFIX_HEADER = "Getting-started/Getting-started-Prefix.pch";
				INFOPLIST_FILE = "Getting-started/Getting-started-Info.plist";
				PRODUCT_NAME = "$(TARGET_NAME)";
				WRAPPER_EXTENSION = app;
			};
			name = Release;
		};
		C15AF2EF17E7DB1E009DCC3F /* Debug */ = {
			isa = XCBuildConfiguration;
			buildSettings = {
				ARCHS = "$(ARCHS_STANDARD_INCLUDING_64_BIT)";
				BUNDLE_LOADER = "$(BUILT_PRODUCTS_DIR)/Getting-started.app/Getting-started";
				FRAMEWORK_SEARCH_PATHS = (
					"$(SDKROOT)/Developer/Library/Frameworks",
					"$(inherited)",
					"$(DEVELOPER_FRAMEWORKS_DIR)",
				);
				GCC_PRECOMPILE_PREFIX_HEADER = YES;
				GCC_PREFIX_HEADER = "Getting-started/Getting-started-Prefix.pch";
				GCC_PREPROCESSOR_DEFINITIONS = (
					"DEBUG=1",
					"$(inherited)",
				);
				INFOPLIST_FILE = "Getting-startedTests/Getting-startedTests-Info.plist";
				PRODUCT_NAME = "$(TARGET_NAME)";
				TEST_HOST = "$(BUNDLE_LOADER)";
				WRAPPER_EXTENSION = xctest;
			};
			name = Debug;
		};
		C15AF2F017E7DB1E009DCC3F /* Release */ = {
			isa = XCBuildConfiguration;
			buildSettings = {
				ARCHS = "$(ARCHS_STANDARD_INCLUDING_64_BIT)";
				BUNDLE_LOADER = "$(BUILT_PRODUCTS_DIR)/Getting-started.app/Getting-started";
				FRAMEWORK_SEARCH_PATHS = (
					"$(SDKROOT)/Developer/Library/Frameworks",
					"$(inherited)",
					"$(DEVELOPER_FRAMEWORKS_DIR)",
				);
				GCC_PRECOMPILE_PREFIX_HEADER = YES;
				GCC_PREFIX_HEADER = "Getting-started/Getting-started-Prefix.pch";
				INFOPLIST_FILE = "Getting-startedTests/Getting-startedTests-Info.plist";
				PRODUCT_NAME = "$(TARGET_NAME)";
				TEST_HOST = "$(BUNDLE_LOADER)";
				WRAPPER_EXTENSION = xctest;
			};
			name = Release;
		};
/* End XCBuildConfiguration section */

/* Begin XCConfigurationList section */
		C15AF2B417E7DB1D009DCC3F /* Build configuration list for PBXProject "Getting-started" */ = {
			isa = XCConfigurationList;
			buildConfigurations = (
				C15AF2E917E7DB1E009DCC3F /* Debug */,
				C15AF2EA17E7DB1E009DCC3F /* Release */,
			);
			defaultConfigurationIsVisible = 0;
			defaultConfigurationName = Release;
		};
		C15AF2EB17E7DB1E009DCC3F /* Build configuration list for PBXNativeTarget "Getting-started" */ = {
			isa = XCConfigurationList;
			buildConfigurations = (
				C15AF2EC17E7DB1E009DCC3F /* Debug */,
				C15AF2ED17E7DB1E009DCC3F /* Release */,
			);
			defaultConfigurationIsVisible = 0;
		};
		C15AF2EE17E7DB1E009DCC3F /* Build configuration list for PBXNativeTarget "Getting-startedTests" */ = {
			isa = XCConfigurationList;
			buildConfigurations = (
				C15AF2EF17E7DB1E009DCC3F /* Debug */,
				C15AF2F017E7DB1E009DCC3F /* Release */,
			);
			defaultConfigurationIsVisible = 0;
		};
/* End XCConfigurationList section */
	};
	rootObject = C15AF2B117E7DB1D009DCC3F /* Project object */;
}
